<?xml version="1.0" encoding="utf-8"?>
<Project ToolsVersion="4.0" xmlns="http://schemas.microsoft.com/developer/msbuild/2003">
  <ItemGroup>
    <Filter Include="Source Files">
      <UniqueIdentifier>{01ea8dfb-ef4d-4ab0-927c-52448c2bd33c}</UniqueIdentifier>
      <Extensions>cpp;c;cxx;rc;def;r;odl;idl;hpj;bat</Extensions>
    </Filter>
    <Filter Include="Header Files">
      <UniqueIdentifier>{ccb60049-3aa1-4b9c-94e9-16d78a0bbf47}</UniqueIdentifier>
      <Extensions>h;hpp;hxx;hm;inl</Extensions>
    </Filter>
    <Filter Include="Resource Files">
      <UniqueIdentifier>{e5918506-0f7e-4f12-8552-4e7acf8b167a}</UniqueIdentifier>
      <Extensions>ico;cur;bmp;dlg;rc2;rct;bin;rgs;gif;jpg;jpeg;jpe</Extensions>
    </Filter>
  </ItemGroup>
  <ItemGroup>
    <ClInclude Include="goldsrc_bspfile.h">
      <Filter>Source Files</Filter>
    </ClInclude>
    <ClInclude Include="goldsrc_standin.h">
      <Filter>Source Files</Filter>
    </ClInclude>
    <ClInclude Include="lbmlib.h">
      <Filter>Source Files</Filter>
    </ClInclude>
    <ClInclude Include="wadlib.h">
      <Filter>Source Files</Filter>
    </ClInclude>
  </ItemGroup>
  <ItemGroup>
    <ClCompile Include="goldsrc_standin.cpp">
      <Filter>Source Files</Filter>
    </ClCompile>
    <ClCompile Include="lbmlib.cpp">
      <Filter>Source Files</Filter>
    </ClCompile>
    <ClCompile Include="wadlib.cpp">
      <Filter>Source Files</Filter>
    </ClCompile>
    <ClCompile Include="xwad.cpp">
      <Filter>Source Files</Filter>
    </ClCompile>
  </ItemGroup>
</Project>