<?xml version="1.0" encoding="utf-8"?>
<Project ToolsVersion="4.0" xmlns="http://schemas.microsoft.com/developer/msbuild/2003">
  <ItemGroup>
    <Filter Include="Source Files">
      <UniqueIdentifier>{344d3721-ed8e-42ff-b8bf-be3cd9c3b369}</UniqueIdentifier>
      <Extensions>cpp;c;cxx;rc;def;r;odl;idl;hpj;bat</Extensions>
    </Filter>
    <Filter Include="Header Files">
      <UniqueIdentifier>{c11a5a8a-b8e7-44ab-98d6-c95dc9dd5d7b}</UniqueIdentifier>
      <Extensions>h;hpp;hxx;hm;inl</Extensions>
    </Filter>
    <Filter Include="Resource Files">
      <UniqueIdentifier>{d76a1bb5-7a0b-4bf3-934e-47f11b576a19}</UniqueIdentifier>
      <Extensions>ico;cur;bmp;dlg;rc2;rct;bin;rgs;gif;jpg;jpeg;jpe</Extensions>
    </Filter>
  </ItemGroup>
  <ItemGroup>
    <ClInclude Include="..\..\Public\amd3dx.h">
      <Filter>Source Files</Filter>
    </ClInclude>
    <ClInclude Include="..\..\Public\tier0\basetypes.h">
      <Filter>Source Files</Filter>
    </ClInclude>
    <ClInclude Include="..\common\cmdlib.h">
      <Filter>Source Files</Filter>
    </ClInclude>
    <ClInclude Include="..\..\Public\commonmacros.h">
      <Filter>Source Files</Filter>
    </ClInclude>
    <ClInclude Include="..\..\public\tier0\dbg.h">
      <Filter>Source Files</Filter>
    </ClInclude>
    <ClInclude Include="..\..\public\tier0\fasttimer.h">
      <Filter>Source Files</Filter>
    </ClInclude>
    <ClInclude Include="..\..\Public\FileSystem.h">
      <Filter>Source Files</Filter>
    </ClInclude>
    <ClInclude Include="..\..\public\filesystem_helpers.h">
      <Filter>Source Files</Filter>
    </ClInclude>
    <ClInclude Include="..\common\filesystem_tools.h">
      <Filter>Source Files</Filter>
    </ClInclude>
    <ClInclude Include="..\..\public\appframework\IAppSystem.h">
      <Filter>Source Files</Filter>
    </ClInclude>
    <ClInclude Include="..\..\Public\MATHLIB.H">
      <Filter>Source Files</Filter>
    </ClInclude>
    <ClInclude Include="phonemeconverter.h">
      <Filter>Source Files</Filter>
    </ClInclude>
    <ClInclude Include="..\..\public\phonemeextractor\phonemeextractor.h">
      <Filter>Source Files</Filter>
    </ClInclude>
    <ClInclude Include="..\..\public\tier0\platform.h">
      <Filter>Source Files</Filter>
    </ClInclude>
    <ClInclude Include="..\..\public\protected_things.h">
      <Filter>Source Files</Filter>
    </ClInclude>
    <ClInclude Include="..\sapi51\Include\sapi.h">
      <Filter>Source Files</Filter>
    </ClInclude>
    <ClInclude Include="..\sapi51\Include\sapiddk.h">
      <Filter>Source Files</Filter>
    </ClInclude>
    <ClInclude Include="..\..\Public\sentence.h">
      <Filter>Source Files</Filter>
    </ClInclude>
    <ClInclude Include="..\sapi51\Include\Spddkhlp.h">
      <Filter>Source Files</Filter>
    </ClInclude>
    <ClInclude Include="..\sapi51\Include\spdebug.h">
      <Filter>Source Files</Filter>
    </ClInclude>
    <ClInclude Include="..\sapi51\Include\sperror.h">
      <Filter>Source Files</Filter>
    </ClInclude>
    <ClInclude Include="..\sapi51\Include\sphelper.h">
      <Filter>Source Files</Filter>
    </ClInclude>
    <ClInclude Include="..\..\public\string_t.h">
      <Filter>Source Files</Filter>
    </ClInclude>
    <ClInclude Include="..\..\public\vstdlib\strtools.h">
      <Filter>Source Files</Filter>
    </ClInclude>
    <ClInclude Include="talkback.h">
      <Filter>Source Files</Filter>
    </ClInclude>
    <ClInclude Include="..\..\public\tier1\utllinkedlist.h">
      <Filter>Source Files</Filter>
    </ClInclude>
    <ClInclude Include="..\..\public\tier1\utlmemory.h">
      <Filter>Source Files</Filter>
    </ClInclude>
    <ClInclude Include="..\..\public\tier1\utlvector.h">
      <Filter>Source Files</Filter>
    </ClInclude>
    <ClInclude Include="..\..\Public\vector.h">
      <Filter>Source Files</Filter>
    </ClInclude>
    <ClInclude Include="..\..\Public\vector2d.h">
      <Filter>Source Files</Filter>
    </ClInclude>
    <ClInclude Include="..\..\public\vstdlib\vstdlib.h">
      <Filter>Source Files</Filter>
    </ClInclude>
  </ItemGroup>
  <ItemGroup>
    <ClCompile Include="..\common\cmdlib.cpp">
      <Filter>Source Files</Filter>
    </ClCompile>
    <ClCompile Include="extractor_utils.cpp">
      <Filter>Source Files</Filter>
    </ClCompile>
    <ClCompile Include="..\..\public\filesystem_helpers.cpp">
      <Filter>Source Files</Filter>
    </ClCompile>
    <ClCompile Include="..\..\public\filesystem_init.cpp">
      <Filter>Source Files</Filter>
    </ClCompile>
    <ClCompile Include="..\common\filesystem_tools.cpp">
      <Filter>Source Files</Filter>
    </ClCompile>
    <ClCompile Include="..\..\public\tier0\memoverride.cpp">
      <Filter>Source Files</Filter>
    </ClCompile>
    <ClCompile Include="phonemeconverter.cpp">
      <Filter>Source Files</Filter>
    </ClCompile>
    <ClCompile Include="phonemeextractor.cpp">
      <Filter>Source Files</Filter>
    </ClCompile>
    <ClCompile Include="..\..\public\sentence.cpp">
      <Filter>Source Files</Filter>
    </ClCompile>
  </ItemGroup>
  <ItemGroup>
    <Library Include="..\..\lib\public\mathlib.lib" />
    <Library Include="..\..\lib\public\tier0.lib" />
    <Library Include="..\..\lib\public\tier1.lib" />
    <Library Include="..\..\lib\public\vstdlib.lib" />
  </ItemGroup>
  <ItemGroup>
    <CustomBuild Include="..\sapi51\lib\i386\sapi.lib" />
  </ItemGroup>
</Project>